
Microsoft Visual Studio Solution File, Format Version 12.00
# Visual Studio 15
VisualStudioVersion = 15.0.28307.1062
MinimumVisualStudioVersion = 10.0.40219.1
Project("{FAE04EC0-301F-11D3-BF4B-00C04F79EFBC}") = "SyncFolders", "SyncFolders\SyncFolders.csproj", "{04905E23-8FC1-4D3F-A876-CFD174F4F09B}"
EndProject
Global
	GlobalSection(SolutionConfigurationPlatforms) = preSolution
		Debug|Any CPU = Debug|Any CPU
		Release|Any CPU = Release|Any CPU
	EndGlobalSection
	GlobalSection(ProjectConfigurationPlatforms) = postSolution
		{04905E23-8FC1-4D3F-A876-CFD174F4F09B}.Debug|Any CPU.ActiveCfg = Debug|Any CPU
		{04905E23-8FC1-4D3F-A876-CFD174F4F09B}.Debug|Any CPU.Build.0 = Debug|Any CPU
		{04905E23-8FC1-4D3F-A876-CFD174F4F09B}.Release|Any CPU.ActiveCfg = Release|Any CPU
		{04905E23-8FC1-4D3F-A876-CFD174F4F09B}.Release|Any CPU.Build.0 = Release|Any CPU
	EndGlobalSection
	GlobalSection(SolutionProperties) = preSolution
		HideSolutionNode = FALSE
	EndGlobalSection
	GlobalSection(ExtensibilityGlobals) = postSolution
		SolutionGuid = {7F037F1D-0865-4DF4-85B6-1A237BF19887}
	EndGlobalSection
EndGlobal
